<?xml version="1.0" encoding="utf-8"?>
<Project ToolsVersion="4.0" xmlns="http://schemas.microsoft.com/developer/msbuild/2003">
  <ItemGroup>
    <Filter Include="ソース ファイル">
      <UniqueIdentifier>{4FC737F1-C7A5-4376-A066-2A32D752A2FF}</UniqueIdentifier>
      <Extensions>cpp;c;cc;cxx;c++;cppm;ixx;def;odl;idl;hpj;bat;asm;asmx</Extensions>
    </Filter>
    <Filter Include="リソース ファイル">
      <UniqueIdentifier>{67DA6AB6-F800-4c08-8B7A-83BB121AAD01}</UniqueIdentifier>
      <Extensions>rc;ico;cur;bmp;dlg;rc2;rct;bin;rgs;gif;jpg;jpeg;jpe;resx;tiff;tif;png;wav;mfcribbon-ms</Extensions>
    </Filter>
    <Filter Include="ソース ファイル\Util">
      <UniqueIdentifier>{36e8e005-2ef3-4b64-91f5-c7712656170f}</UniqueIdentifier>
    </Filter>
    <Filter Include="ソース ファイル\Scene">
      <UniqueIdentifier>{bfa8f8eb-6ab9-492f-a439-93c33f2edecc}</UniqueIdentifier>
    </Filter>
    <Filter Include="ソース ファイル\Debug">
      <UniqueIdentifier>{1c865df6-22a2-4639-a34e-9d65a3c6cab5}</UniqueIdentifier>
    </Filter>
  </ItemGroup>
  <ItemGroup>
    <ClCompile Include="main.cpp">
      <Filter>ソース ファイル</Filter>
    </ClCompile>
    <ClCompile Include="Application.cpp">
      <Filter>ソース ファイル</Filter>
    </ClCompile>
    <ClCompile Include="MyDebug\Text.cpp">
      <Filter>ソース ファイル\Debug</Filter>
    </ClCompile>
    <ClCompile Include="Scene\Manager.cpp">
      <Filter>ソース ファイル\Scene</Filter>
    </ClCompile>
    <ClCompile Include="Scene\Title.cpp">
      <Filter>ソース ファイル\Scene</Filter>
    </ClCompile>
    <ClCompile Include="Scene\Transporter.cpp">
      <Filter>ソース ファイル\Scene</Filter>
    </ClCompile>
    <ClCompile Include="Util\InputState.cpp">
      <Filter>ソース ファイル\Util</Filter>
    </ClCompile>
    <ClCompile Include="Scene\Test.cpp">
      <Filter>ソース ファイル\Scene</Filter>
    </ClCompile>
    <ClCompile Include="Scene\Load.cpp">
      <Filter>ソース ファイル\Scene</Filter>
    </ClCompile>
  </ItemGroup>
  <ItemGroup>
    <ClInclude Include="Application.h">
      <Filter>ソース ファイル</Filter>
    </ClInclude>
    <ClInclude Include="MyDebug\Text.h">
      <Filter>ソース ファイル\Debug</Filter>
    </ClInclude>
    <ClInclude Include="Util\SingletonBase.h">
      <Filter>ソース ファイル\Util</Filter>
    </ClInclude>
    <ClInclude Include="Scene\Base.h">
      <Filter>ソース ファイル\Scene</Filter>
    </ClInclude>
    <ClInclude Include="Scene\Manager.h">
      <Filter>ソース ファイル\Scene</Filter>
    </ClInclude>
    <ClInclude Include="Scene\Title.h">
      <Filter>ソース ファイル\Scene</Filter>
    </ClInclude>
    <ClInclude Include="Scene\Transporter.h">
      <Filter>ソース ファイル\Scene</Filter>
    </ClInclude>
    <ClInclude Include="Util\InputState.h">
      <Filter>ソース ファイル\Util</Filter>
    </ClInclude>
    <ClInclude Include="Scene\Test.h">
      <Filter>ソース ファイル\Scene</Filter>
    </ClInclude>
    <ClInclude Include="Scene\Load.h">
      <Filter>ソース ファイル\Scene</Filter>
    </ClInclude>
  </ItemGroup>
</Project>